
Microsoft Visual Studio Solution File, Format Version 12.00
# Visual Studio Version 17
VisualStudioVersion = 17.5.33530.505
MinimumVisualStudioVersion = 10.0.40219.1
Project("{FAE04EC0-301F-11D3-BF4B-00C04F79EFBC}") = "SklepZoologiczny", "SklepZoologiczny\SklepZoologiczny.csproj", "{BC4AEB05-E797-4915-B7F1-AD14F8629FCC}"
EndProject
Global
	GlobalSection(SolutionConfigurationPlatforms) = preSolution
		Debug|Any CPU = Debug|Any CPU
		Release|Any CPU = Release|Any CPU
	EndGlobalSection
	GlobalSection(ProjectConfigurationPlatforms) = postSolution
		{BC4AEB05-E797-4915-B7F1-AD14F8629FCC}.Debug|Any CPU.ActiveCfg = Debug|Any CPU
		{BC4AEB05-E797-4915-B7F1-AD14F8629FCC}.Debug|Any CPU.Build.0 = Debug|Any CPU
		{BC4AEB05-E797-4915-B7F1-AD14F8629FCC}.Release|Any CPU.ActiveCfg = Release|Any CPU
		{BC4AEB05-E797-4915-B7F1-AD14F8629FCC}.Release|Any CPU.Build.0 = Release|Any CPU
	EndGlobalSection
	GlobalSection(SolutionProperties) = preSolution
		HideSolutionNode = FALSE
	EndGlobalSection
	GlobalSection(ExtensibilityGlobals) = postSolution
		SolutionGuid = {7C85F0F6-C8BF-4BE6-96B4-6200C249AC05}
	EndGlobalSection
EndGlobal
